
Microsoft Visual Studio Solution File, Format Version 12.00
Project("{FAE04EC0-301F-11D3-BF4B-00C04F79EFBC}") = "Client", "Client\Client.csproj", "{4136077E-B4E7-48FB-A1D3-ACB81070415E}"
EndProject
Project("{FAE04EC0-301F-11D3-BF4B-00C04F79EFBC}") = "Core", "Core\Core.csproj", "{19290FCE-C87B-499D-9018-7E1276A877EF}"
EndProject
Project("{FAE04EC0-301F-11D3-BF4B-00C04F79EFBC}") = "Infrastructure", "Infrastructure\Infrastructure.csproj", "{3FCC55F8-B294-4513-8CD6-9BBC45A0D203}"
EndProject
Project("{FAE04EC0-301F-11D3-BF4B-00C04F79EFBC}") = "RestApi", "RestApi\RestApi.csproj", "{034B3537-A21C-47BD-9CD2-577975B51897}"
EndProject
Global
	GlobalSection(SolutionConfigurationPlatforms) = preSolution
		Debug|Any CPU = Debug|Any CPU
		Release|Any CPU = Release|Any CPU
	EndGlobalSection
	GlobalSection(ProjectConfigurationPlatforms) = postSolution
		{4136077E-B4E7-48FB-A1D3-ACB81070415E}.Debug|Any CPU.ActiveCfg = Debug|Any CPU
		{4136077E-B4E7-48FB-A1D3-ACB81070415E}.Debug|Any CPU.Build.0 = Debug|Any CPU
		{4136077E-B4E7-48FB-A1D3-ACB81070415E}.Release|Any CPU.ActiveCfg = Release|Any CPU
		{4136077E-B4E7-48FB-A1D3-ACB81070415E}.Release|Any CPU.Build.0 = Release|Any CPU
		{19290FCE-C87B-499D-9018-7E1276A877EF}.Debug|Any CPU.ActiveCfg = Debug|Any CPU
		{19290FCE-C87B-499D-9018-7E1276A877EF}.Debug|Any CPU.Build.0 = Debug|Any CPU
		{19290FCE-C87B-499D-9018-7E1276A877EF}.Release|Any CPU.ActiveCfg = Release|Any CPU
		{19290FCE-C87B-499D-9018-7E1276A877EF}.Release|Any CPU.Build.0 = Release|Any CPU
		{3FCC55F8-B294-4513-8CD6-9BBC45A0D203}.Debug|Any CPU.ActiveCfg = Debug|Any CPU
		{3FCC55F8-B294-4513-8CD6-9BBC45A0D203}.Debug|Any CPU.Build.0 = Debug|Any CPU
		{3FCC55F8-B294-4513-8CD6-9BBC45A0D203}.Release|Any CPU.ActiveCfg = Release|Any CPU
		{3FCC55F8-B294-4513-8CD6-9BBC45A0D203}.Release|Any CPU.Build.0 = Release|Any CPU
		{034B3537-A21C-47BD-9CD2-577975B51897}.Debug|Any CPU.ActiveCfg = Debug|Any CPU
		{034B3537-A21C-47BD-9CD2-577975B51897}.Debug|Any CPU.Build.0 = Debug|Any CPU
		{034B3537-A21C-47BD-9CD2-577975B51897}.Release|Any CPU.ActiveCfg = Release|Any CPU
		{034B3537-A21C-47BD-9CD2-577975B51897}.Release|Any CPU.Build.0 = Release|Any CPU
	EndGlobalSection
EndGlobal
